<?xml version="1.0" encoding="UTF-8"?>
<Scheme
   LastUpgradeVersion = "1500"
   version = "1.7">
   <BuildAction
      parallelizeBuildables = "YES"
      buildImplicitDependencies = "YES">
      <BuildActionEntries>
         <BuildActionEntry
            buildForTesting = "YES"
            buildForRunning = "YES"
            buildForProfiling = "YES"
            buildForArchiving = "YES"
            buildForAnalyzing = "YES">
            <BuildableReference
               BuildableIdentifier = "primary"
               BlueprintIdentifier = "GMovies"
               BuildableName = "GMovies.app"
               BlueprintName = "GMovies"
               ReferencedContainer = "container:GMovies.xcodeproj">
            </BuildableReference>
         </BuildActionEntry>
         <BuildActionEntry
            buildForTesting = "YES"
            buildForRunning = "NO"
            buildForProfiling = "NO"
            buildForArchiving = "NO"
            buildForAnalyzing = "NO">
            <BuildableReference
               BuildableIdentifier = "primary"
               BlueprintIdentifier = "GMoviesTests"
               BuildableName = "GMoviesTests.xctest"
               BlueprintName = "GMoviesTests"
               ReferencedContainer = "container:GMovies.xcodeproj">
            </BuildableReference>
         </BuildActionEntry>
         <BuildActionEntry
            buildForTesting = "YES"
            buildForRunning = "NO"
            buildForProfiling = "NO"
            buildForArchiving = "NO"
            buildForAnalyzing = "NO">
            <BuildableReference
               BuildableIdentifier = "primary"
               BlueprintIdentifier = "MoviesTests"
               BuildableName = "MoviesTests"
               BlueprintName = "MoviesTests"
               ReferencedContainer = "container:Packages/MoviesFeature">
            </BuildableReference>
         </BuildActionEntry>
         <BuildActionEntry
            buildForTesting = "YES"
            buildForRunning = "NO"
            buildForProfiling = "NO"
            buildForArchiving = "NO"
            buildForAnalyzing = "NO">
            <BuildableReference
               BuildableIdentifier = "primary"
               BlueprintIdentifier = "MovieDetailsTests"
               BuildableName = "MovieDetailsTests"
               BlueprintName = "MovieDetailsTests"
               ReferencedContainer = "container:Packages/MoviesFeature">
            </BuildableReference>
         </BuildActionEntry>
         <BuildActionEntry
            buildForTesting = "YES"
            buildForRunning = "NO"
            buildForProfiling = "NO"
            buildForArchiving = "NO"
            buildForAnalyzing = "NO">
            <BuildableReference
               BuildableIdentifier = "primary"
               BlueprintIdentifier = "NetworkingTests"
               BuildableName = "NetworkingTests"
               BlueprintName = "NetworkingTests"
               ReferencedContainer = "container:Packages/Networking">
            </BuildableReference>
         </BuildActionEntry>
         <BuildActionEntry
            buildForTesting = "YES"
            buildForRunning = "NO"
            buildForProfiling = "NO"
            buildForArchiving = "NO"
            buildForAnalyzing = "NO">
            <BuildableReference
               BuildableIdentifier = "primary"
               BlueprintIdentifier = "PersistenceTests"
               BuildableName = "PersistenceTests"
               BlueprintName = "PersistenceTests"
               ReferencedContainer = "container:Packages/Persistence">
            </BuildableReference>
         </BuildActionEntry>
         <BuildActionEntry
            buildForTesting = "YES"
            buildForRunning = "NO"
            buildForProfiling = "NO"
            buildForArchiving = "NO"
            buildForAnalyzing = "NO">
            <BuildableReference
               BuildableIdentifier = "primary"
               BlueprintIdentifier = "DesignSystemSnapshotTests"
               BuildableName = "DesignSystemSnapshotTests"
               BlueprintName = "DesignSystemSnapshotTests"
               ReferencedContainer = "container:Packages/DesignSystem">
            </BuildableReference>
         </BuildActionEntry>
      </BuildActionEntries>
   </BuildAction>
   <TestAction
      buildConfiguration = "Debug-Dev"
      selectedDebuggerIdentifier = "Xcode.DebuggerFoundation.Debugger.LLDB"
      selectedLauncherIdentifier = "Xcode.DebuggerFoundation.Launcher.LLDB"
      shouldUseLaunchSchemeArgsEnv = "NO"
      shouldAutocreateTestPlan = "YES">
      <Testables>
         <TestableReference
            skipped = "NO"
            parallelizable = "NO">
            <BuildableReference
               BuildableIdentifier = "primary"
               BlueprintIdentifier = "GMoviesTests"
               BuildableName = "GMoviesTests.xctest"
               BlueprintName = "GMoviesTests"
               ReferencedContainer = "container:GMovies.xcodeproj">
            </BuildableReference>
         </TestableReference>
         <TestableReference
            skipped = "NO"
            parallelizable = "NO">
            <BuildableReference
               BuildableIdentifier = "primary"
               BlueprintIdentifier = "MoviesTests"
               BuildableName = "MoviesTests"
               BlueprintName = "MoviesTests"
               ReferencedContainer = "container:Packages/MoviesFeature">
            </BuildableReference>
         </TestableReference>
         <TestableReference
            skipped = "NO"
            parallelizable = "NO">
            <BuildableReference
               BuildableIdentifier = "primary"
               BlueprintIdentifier = "MovieDetailsTests"
               BuildableName = "MovieDetailsTests"
               BlueprintName = "MovieDetailsTests"
               ReferencedContainer = "container:Packages/MoviesFeature">
            </BuildableReference>
         </TestableReference>
         <TestableReference
            skipped = "NO"
            parallelizable = "NO">
            <BuildableReference
               BuildableIdentifier = "primary"
               BlueprintIdentifier = "NetworkingTests"
               BuildableName = "NetworkingTests"
               BlueprintName = "NetworkingTests"
               ReferencedContainer = "container:Packages/Networking">
            </BuildableReference>
         </TestableReference>
         <TestableReference
            skipped = "NO"
            parallelizable = "NO">
            <BuildableReference
               BuildableIdentifier = "primary"
               BlueprintIdentifier = "PersistenceTests"
               BuildableName = "PersistenceTests"
               BlueprintName = "PersistenceTests"
               ReferencedContainer = "container:Packages/Persistence">
            </BuildableReference>
         </TestableReference>
         <TestableReference
            skipped = "NO"
            parallelizable = "NO">
            <BuildableReference
               BuildableIdentifier = "primary"
               BlueprintIdentifier = "DesignSystemSnapshotTests"
               BuildableName = "DesignSystemSnapshotTests"
               BlueprintName = "DesignSystemSnapshotTests"
               ReferencedContainer = "container:Packages/DesignSystem">
            </BuildableReference>
         </TestableReference>
      </Testables>
      <EnvironmentVariables>
         <EnvironmentVariable
            key = "GMOVIES_BOOTSTRAP_MODE"
            value = "testing"
            isEnabled = "YES">
         </EnvironmentVariable>
      </EnvironmentVariables>
   </TestAction>
   <LaunchAction
      buildConfiguration = "Debug-Dev"
      selectedDebuggerIdentifier = "Xcode.DebuggerFoundation.Debugger.LLDB"
      selectedLauncherIdentifier = "Xcode.DebuggerFoundation.Launcher.LLDB"
      launchStyle = "0"
      useCustomWorkingDirectory = "NO"
      ignoresPersistentStateOnLaunch = "NO"
      debugDocumentVersioning = "YES"
      debugServiceExtension = "internal"
      allowLocationSimulation = "YES">
      <BuildableProductRunnable
         runnableDebuggingMode = "0">
         <BuildableReference
            BuildableIdentifier = "primary"
            BlueprintIdentifier = "GMovies"
            BuildableName = "GMovies.app"
            BlueprintName = "GMovies"
            ReferencedContainer = "container:GMovies.xcodeproj">
         </BuildableReference>
      </BuildableProductRunnable>
   </LaunchAction>
   <ProfileAction
      buildConfiguration = "Debug-Dev"
      shouldUseLaunchSchemeArgsEnv = "YES"
      savedToolIdentifier = ""
      useCustomWorkingDirectory = "NO"
      debugDocumentVersioning = "YES">
      <BuildableProductRunnable
         runnableDebuggingMode = "0">
         <BuildableReference
            BuildableIdentifier = "primary"
            BlueprintIdentifier = "GMovies"
            BuildableName = "GMovies.app"
            BlueprintName = "GMovies"
            ReferencedContainer = "container:GMovies.xcodeproj">
         </BuildableReference>
      </BuildableProductRunnable>
   </ProfileAction>
   <AnalyzeAction
      buildConfiguration = "Debug-Dev">
   </AnalyzeAction>
   <ArchiveAction
      buildConfiguration = "Release-Prod"
      revealArchiveInOrganizer = "YES">
   </ArchiveAction>
</Scheme>
